
Microsoft Visual Studio Solution File, Format Version 12.00
# Visual Studio Version 17
VisualStudioVersion = 17.1.32421.90
MinimumVisualStudioVersion = 10.0.40219.1
Project("{FAE04EC0-301F-11D3-BF4B-00C04F79EFBC}") = "blacarapi", "blacarapi\blacarapi.csproj", "{7EB10D54-1DC7-4681-9FA5-0112D533CA5B}"
EndProject
Project("{FAE04EC0-301F-11D3-BF4B-00C04F79EFBC}") = "Appblacar.Android", "Appblacar\Appblacar.Android\Appblacar.Android.csproj", "{A7EC327D-35D5-4869-B59C-7826534964BB}"
EndProject
Project("{FAE04EC0-301F-11D3-BF4B-00C04F79EFBC}") = "Appblacar.iOS", "Appblacar\Appblacar.iOS\Appblacar.iOS.csproj", "{98895ACE-1D75-484F-8AC2-60977C47A0A1}"
EndProject
Project("{FAE04EC0-301F-11D3-BF4B-00C04F79EFBC}") = "Appblacar", "Appblacar\Appblacar\Appblacar.csproj", "{2131DACD-07BE-4745-AD61-F34DE7D41CF6}"
EndProject
Global
	GlobalSection(SolutionConfigurationPlatforms) = preSolution
		Debug|Any CPU = Debug|Any CPU
		Debug|iPhone = Debug|iPhone
		Debug|iPhoneSimulator = Debug|iPhoneSimulator
		Release|Any CPU = Release|Any CPU
		Release|iPhone = Release|iPhone
		Release|iPhoneSimulator = Release|iPhoneSimulator
	EndGlobalSection
	GlobalSection(ProjectConfigurationPlatforms) = postSolution
		{7EB10D54-1DC7-4681-9FA5-0112D533CA5B}.Debug|Any CPU.ActiveCfg = Debug|Any CPU
		{7EB10D54-1DC7-4681-9FA5-0112D533CA5B}.Debug|Any CPU.Build.0 = Debug|Any CPU
		{7EB10D54-1DC7-4681-9FA5-0112D533CA5B}.Debug|iPhone.ActiveCfg = Debug|Any CPU
		{7EB10D54-1DC7-4681-9FA5-0112D533CA5B}.Debug|iPhone.Build.0 = Debug|Any CPU
		{7EB10D54-1DC7-4681-9FA5-0112D533CA5B}.Debug|iPhoneSimulator.ActiveCfg = Debug|Any CPU
		{7EB10D54-1DC7-4681-9FA5-0112D533CA5B}.Debug|iPhoneSimulator.Build.0 = Debug|Any CPU
		{7EB10D54-1DC7-4681-9FA5-0112D533CA5B}.Release|Any CPU.ActiveCfg = Release|Any CPU
		{7EB10D54-1DC7-4681-9FA5-0112D533CA5B}.Release|Any CPU.Build.0 = Release|Any CPU
		{7EB10D54-1DC7-4681-9FA5-0112D533CA5B}.Release|iPhone.ActiveCfg = Release|Any CPU
		{7EB10D54-1DC7-4681-9FA5-0112D533CA5B}.Release|iPhone.Build.0 = Release|Any CPU
		{7EB10D54-1DC7-4681-9FA5-0112D533CA5B}.Release|iPhoneSimulator.ActiveCfg = Release|Any CPU
		{7EB10D54-1DC7-4681-9FA5-0112D533CA5B}.Release|iPhoneSimulator.Build.0 = Release|Any CPU
		{A7EC327D-35D5-4869-B59C-7826534964BB}.Debug|Any CPU.ActiveCfg = Debug|Any CPU
		{A7EC327D-35D5-4869-B59C-7826534964BB}.Debug|Any CPU.Build.0 = Debug|Any CPU
		{A7EC327D-35D5-4869-B59C-7826534964BB}.Debug|Any CPU.Deploy.0 = Debug|Any CPU
		{A7EC327D-35D5-4869-B59C-7826534964BB}.Debug|iPhone.ActiveCfg = Debug|Any CPU
		{A7EC327D-35D5-4869-B59C-7826534964BB}.Debug|iPhone.Build.0 = Debug|Any CPU
		{A7EC327D-35D5-4869-B59C-7826534964BB}.Debug|iPhone.Deploy.0 = Debug|Any CPU
		{A7EC327D-35D5-4869-B59C-7826534964BB}.Debug|iPhoneSimulator.ActiveCfg = Debug|Any CPU
		{A7EC327D-35D5-4869-B59C-7826534964BB}.Debug|iPhoneSimulator.Build.0 = Debug|Any CPU
		{A7EC327D-35D5-4869-B59C-7826534964BB}.Debug|iPhoneSimulator.Deploy.0 = Debug|Any CPU
		{A7EC327D-35D5-4869-B59C-7826534964BB}.Release|Any CPU.ActiveCfg = Release|Any CPU
		{A7EC327D-35D5-4869-B59C-7826534964BB}.Release|Any CPU.Build.0 = Release|Any CPU
		{A7EC327D-35D5-4869-B59C-7826534964BB}.Release|Any CPU.Deploy.0 = Release|Any CPU
		{A7EC327D-35D5-4869-B59C-7826534964BB}.Release|iPhone.ActiveCfg = Release|Any CPU
		{A7EC327D-35D5-4869-B59C-7826534964BB}.Release|iPhone.Build.0 = Release|Any CPU
		{A7EC327D-35D5-4869-B59C-7826534964BB}.Release|iPhone.Deploy.0 = Release|Any CPU
		{A7EC327D-35D5-4869-B59C-7826534964BB}.Release|iPhoneSimulator.ActiveCfg = Release|Any CPU
		{A7EC327D-35D5-4869-B59C-7826534964BB}.Release|iPhoneSimulator.Build.0 = Release|Any CPU
		{A7EC327D-35D5-4869-B59C-7826534964BB}.Release|iPhoneSimulator.Deploy.0 = Release|Any CPU
		{98895ACE-1D75-484F-8AC2-60977C47A0A1}.Debug|Any CPU.ActiveCfg = Debug|iPhoneSimulator
		{98895ACE-1D75-484F-8AC2-60977C47A0A1}.Debug|Any CPU.Build.0 = Debug|iPhoneSimulator
		{98895ACE-1D75-484F-8AC2-60977C47A0A1}.Debug|iPhone.ActiveCfg = Debug|iPhone
		{98895ACE-1D75-484F-8AC2-60977C47A0A1}.Debug|iPhone.Build.0 = Debug|iPhone
		{98895ACE-1D75-484F-8AC2-60977C47A0A1}.Debug|iPhoneSimulator.ActiveCfg = Debug|iPhoneSimulator
		{98895ACE-1D75-484F-8AC2-60977C47A0A1}.Debug|iPhoneSimulator.Build.0 = Debug|iPhoneSimulator
		{98895ACE-1D75-484F-8AC2-60977C47A0A1}.Release|Any CPU.ActiveCfg = Release|iPhoneSimulator
		{98895ACE-1D75-484F-8AC2-60977C47A0A1}.Release|Any CPU.Build.0 = Release|iPhoneSimulator
		{98895ACE-1D75-484F-8AC2-60977C47A0A1}.Release|iPhone.ActiveCfg = Release|iPhone
		{98895ACE-1D75-484F-8AC2-60977C47A0A1}.Release|iPhone.Build.0 = Release|iPhone
		{98895ACE-1D75-484F-8AC2-60977C47A0A1}.Release|iPhoneSimulator.ActiveCfg = Release|iPhoneSimulator
		{98895ACE-1D75-484F-8AC2-60977C47A0A1}.Release|iPhoneSimulator.Build.0 = Release|iPhoneSimulator
		{2131DACD-07BE-4745-AD61-F34DE7D41CF6}.Debug|Any CPU.ActiveCfg = Debug|Any CPU
		{2131DACD-07BE-4745-AD61-F34DE7D41CF6}.Debug|Any CPU.Build.0 = Debug|Any CPU
		{2131DACD-07BE-4745-AD61-F34DE7D41CF6}.Debug|iPhone.ActiveCfg = Debug|Any CPU
		{2131DACD-07BE-4745-AD61-F34DE7D41CF6}.Debug|iPhone.Build.0 = Debug|Any CPU
		{2131DACD-07BE-4745-AD61-F34DE7D41CF6}.Debug|iPhoneSimulator.ActiveCfg = Debug|Any CPU
		{2131DACD-07BE-4745-AD61-F34DE7D41CF6}.Debug|iPhoneSimulator.Build.0 = Debug|Any CPU
		{2131DACD-07BE-4745-AD61-F34DE7D41CF6}.Release|Any CPU.ActiveCfg = Release|Any CPU
		{2131DACD-07BE-4745-AD61-F34DE7D41CF6}.Release|Any CPU.Build.0 = Release|Any CPU
		{2131DACD-07BE-4745-AD61-F34DE7D41CF6}.Release|iPhone.ActiveCfg = Release|Any CPU
		{2131DACD-07BE-4745-AD61-F34DE7D41CF6}.Release|iPhone.Build.0 = Release|Any CPU
		{2131DACD-07BE-4745-AD61-F34DE7D41CF6}.Release|iPhoneSimulator.ActiveCfg = Release|Any CPU
		{2131DACD-07BE-4745-AD61-F34DE7D41CF6}.Release|iPhoneSimulator.Build.0 = Release|Any CPU
	EndGlobalSection
	GlobalSection(SolutionProperties) = preSolution
		HideSolutionNode = FALSE
	EndGlobalSection
	GlobalSection(ExtensibilityGlobals) = postSolution
		SolutionGuid = {0BEC2627-A3B7-4019-AC39-3A0DE9E99D1A}
	EndGlobalSection
EndGlobal
